
Microsoft Visual Studio Solution File, Format Version 12.00
# Visual Studio Version 16
VisualStudioVersion = 16.0.29230.47
MinimumVisualStudioVersion = 10.0.40219.1
Project("{2150E333-8FDC-42A3-9474-1A3956D46DE8}") = "Solution Items", "Solution Items", "{197078C6-5A40-4AE3-96B1-5C8F79A01673}"
	ProjectSection(SolutionItems) = preProject
		appveyor.yml = appveyor.yml
		build.ps1 = build.ps1
		Directory.Build.props = Directory.Build.props
		README.md = README.md
	EndProjectSection
EndProject
Project("{9A19103F-16F7-4668-BE54-9A1E7A4F7556}") = "Lucca.Logs.Shared", "Lucca.Logs.Shared\Lucca.Logs.Shared.csproj", "{23A7D90B-E4B8-4AC3-AF2C-408FD948A190}"
EndProject
Project("{9A19103F-16F7-4668-BE54-9A1E7A4F7556}") = "Lucca.Logs.AspnetLegacy", "Lucca.Logs.AspnetLegacy\Lucca.Logs.AspnetLegacy.csproj", "{B71E9DD0-0680-47B2-AD57-A04E6ACCF7FC}"
EndProject
Project("{9A19103F-16F7-4668-BE54-9A1E7A4F7556}") = "Lucca.Logs.AspnetCore", "Lucca.Logs.AspnetCore\Lucca.Logs.AspnetCore.csproj", "{5252480D-FB14-4FCF-9ACE-DABC4A0D1746}"
EndProject
Project("{9A19103F-16F7-4668-BE54-9A1E7A4F7556}") = "Lucca.Logs.Netcore.Tests", "Lucca.Logs.Netcore3.Tests\Lucca.Logs.Netcore.Tests.csproj", "{C07720C4-4DD2-4429-96A3-C6DD4E172596}"
EndProject
Global
	GlobalSection(SolutionConfigurationPlatforms) = preSolution
		Debug|Any CPU = Debug|Any CPU
		Release|Any CPU = Release|Any CPU
	EndGlobalSection
	GlobalSection(ProjectConfigurationPlatforms) = postSolution
		{23A7D90B-E4B8-4AC3-AF2C-408FD948A190}.Debug|Any CPU.ActiveCfg = Debug|Any CPU
		{23A7D90B-E4B8-4AC3-AF2C-408FD948A190}.Debug|Any CPU.Build.0 = Debug|Any CPU
		{23A7D90B-E4B8-4AC3-AF2C-408FD948A190}.Release|Any CPU.ActiveCfg = Release|Any CPU
		{23A7D90B-E4B8-4AC3-AF2C-408FD948A190}.Release|Any CPU.Build.0 = Release|Any CPU
		{B71E9DD0-0680-47B2-AD57-A04E6ACCF7FC}.Debug|Any CPU.ActiveCfg = Debug|Any CPU
		{B71E9DD0-0680-47B2-AD57-A04E6ACCF7FC}.Debug|Any CPU.Build.0 = Debug|Any CPU
		{B71E9DD0-0680-47B2-AD57-A04E6ACCF7FC}.Release|Any CPU.ActiveCfg = Release|Any CPU
		{B71E9DD0-0680-47B2-AD57-A04E6ACCF7FC}.Release|Any CPU.Build.0 = Release|Any CPU
		{5252480D-FB14-4FCF-9ACE-DABC4A0D1746}.Debug|Any CPU.ActiveCfg = Debug|Any CPU
		{5252480D-FB14-4FCF-9ACE-DABC4A0D1746}.Debug|Any CPU.Build.0 = Debug|Any CPU
		{5252480D-FB14-4FCF-9ACE-DABC4A0D1746}.Release|Any CPU.ActiveCfg = Release|Any CPU
		{5252480D-FB14-4FCF-9ACE-DABC4A0D1746}.Release|Any CPU.Build.0 = Release|Any CPU
		{C07720C4-4DD2-4429-96A3-C6DD4E172596}.Debug|Any CPU.ActiveCfg = Debug|Any CPU
		{C07720C4-4DD2-4429-96A3-C6DD4E172596}.Debug|Any CPU.Build.0 = Debug|Any CPU
		{C07720C4-4DD2-4429-96A3-C6DD4E172596}.Release|Any CPU.ActiveCfg = Release|Any CPU
		{C07720C4-4DD2-4429-96A3-C6DD4E172596}.Release|Any CPU.Build.0 = Release|Any CPU
	EndGlobalSection
	GlobalSection(SolutionProperties) = preSolution
		HideSolutionNode = FALSE
	EndGlobalSection
	GlobalSection(ExtensibilityGlobals) = postSolution
		SolutionGuid = {D1DCD57E-1EAC-4A1E-A67B-F64F0CC58320}
	EndGlobalSection
EndGlobal
